
Microsoft Visual Studio Solution File, Format Version 12.00
# Visual Studio Version 17
VisualStudioVersion = 17.0.31912.275
MinimumVisualStudioVersion = 10.0.40219.1
Project("{9A19103F-16F7-4668-BE54-9A1E7A4F7556}") = "Calculator", "Calculator\Calculator.csproj", "{0A78AC48-9932-42D2-8EEC-6AF77C4E5FB3}"
EndProject
Global
	GlobalSection(SolutionConfigurationPlatforms) = preSolution
		Debug|Any CPU = Debug|Any CPU
		Release|Any CPU = Release|Any CPU
	EndGlobalSection
	GlobalSection(ProjectConfigurationPlatforms) = postSolution
		{0A78AC48-9932-42D2-8EEC-6AF77C4E5FB3}.Debug|Any CPU.ActiveCfg = Debug|Any CPU
		{0A78AC48-9932-42D2-8EEC-6AF77C4E5FB3}.Debug|Any CPU.Build.0 = Debug|Any CPU
		{0A78AC48-9932-42D2-8EEC-6AF77C4E5FB3}.Release|Any CPU.ActiveCfg = Release|Any CPU
		{0A78AC48-9932-42D2-8EEC-6AF77C4E5FB3}.Release|Any CPU.Build.0 = Release|Any CPU
	EndGlobalSection
	GlobalSection(SolutionProperties) = preSolution
		HideSolutionNode = FALSE
	EndGlobalSection
	GlobalSection(ExtensibilityGlobals) = postSolution
		SolutionGuid = {FB8C61C2-DC51-4D4B-BB28-BF21F01DE50B}
	EndGlobalSection
EndGlobal
